// !$*UTF8*$!
{
	archiveVersion = 1;
	classes = {
	};
	objectVersion = 46;
	objects = {

/* Begin PBXBuildFile section */
		AEC0404B1F624EA28F0E874A /* libPods.a in Frameworks */ = {isa = PBXBuildFile; fileRef = 921A46450C9149DB91664BDF /* libPods.a */; };
		E730EA8019AF241E00416CFC /* MEUser.m in Sources */ = {isa = PBXBuildFile; fileRef = E730EA7919AF241E00416CFC /* MEUser.m */; };
		E730EA8119AF241E00416CFC /* MEAudioModel.m in Sources */ = {isa = PBXBuildFile; fileRef = E730EA7B19AF241E00416CFC /* MEAudioModel.m */; };
		E730EA8219AF241E00416CFC /* MEAccessToken.m in Sources */ = {isa = PBXBuildFile; fileRef = E730EA7D19AF241E00416CFC /* MEAccessToken.m */; };
		E730EA8319AF241E00416CFC /* MyInfoData.m in Sources */ = {isa = PBXBuildFile; fileRef = E730EA7F19AF241E00416CFC /* MyInfoData.m */; };
		E730EA8619AF245900416CFC /* MEManagerAPI.m in Sources */ = {isa = PBXBuildFile; fileRef = E730EA8519AF245900416CFC /* MEManagerAPI.m */; };
		E730EA8919AF247A00416CFC /* MEAutorizationViewController.m in Sources */ = {isa = PBXBuildFile; fileRef = E730EA8819AF247A00416CFC /* MEAutorizationViewController.m */; };
		E730EAB119AF3DD500416CFC /* AFHTTPRequestOperation.m in Sources */ = {isa = PBXBuildFile; fileRef = E730EA8D19AF3DD500416CFC /* AFHTTPRequestOperation.m */; };
		E730EAB219AF3DD500416CFC /* AFHTTPRequestOperationManager.m in Sources */ = {isa = PBXBuildFile; fileRef = E730EA8F19AF3DD500416CFC /* AFHTTPRequestOperationManager.m */; };
		E730EAB319AF3DD500416CFC /* AFHTTPSessionManager.m in Sources */ = {isa = PBXBuildFile; fileRef = E730EA9119AF3DD500416CFC /* AFHTTPSessionManager.m */; };
		E730EAB419AF3DD500416CFC /* AFNetworkReachabilityManager.m in Sources */ = {isa = PBXBuildFile; fileRef = E730EA9419AF3DD500416CFC /* AFNetworkReachabilityManager.m */; };
		E730EAB519AF3DD500416CFC /* AFSecurityPolicy.m in Sources */ = {isa = PBXBuildFile; fileRef = E730EA9619AF3DD500416CFC /* AFSecurityPolicy.m */; };
		E730EAB619AF3DD500416CFC /* AFURLConnectionOperation.m in Sources */ = {isa = PBXBuildFile; fileRef = E730EA9819AF3DD500416CFC /* AFURLConnectionOperation.m */; };
		E730EAB719AF3DD500416CFC /* AFURLRequestSerialization.m in Sources */ = {isa = PBXBuildFile; fileRef = E730EA9A19AF3DD500416CFC /* AFURLRequestSerialization.m */; };
		E730EAB819AF3DD500416CFC /* AFURLResponseSerialization.m in Sources */ = {isa = PBXBuildFile; fileRef = E730EA9C19AF3DD500416CFC /* AFURLResponseSerialization.m */; };
		E730EAB919AF3DD500416CFC /* AFURLSessionManager.m in Sources */ = {isa = PBXBuildFile; fileRef = E730EA9E19AF3DD500416CFC /* AFURLSessionManager.m */; };
		E730EABA19AF3DD500416CFC /* AFNetworkActivityIndicatorManager.m in Sources */ = {isa = PBXBuildFile; fileRef = E730EAA119AF3DD500416CFC /* AFNetworkActivityIndicatorManager.m */; };
		E730EABB19AF3DD500416CFC /* UIActivityIndicatorView+AFNetworking.m in Sources */ = {isa = PBXBuildFile; fileRef = E730EAA319AF3DD500416CFC /* UIActivityIndicatorView+AFNetworking.m */; };
		E730EABC19AF3DD500416CFC /* UIAlertView+AFNetworking.m in Sources */ = {isa = PBXBuildFile; fileRef = E730EAA519AF3DD500416CFC /* UIAlertView+AFNetworking.m */; };
		E730EABD19AF3DD500416CFC /* UIButton+AFNetworking.m in Sources */ = {isa = PBXBuildFile; fileRef = E730EAA719AF3DD500416CFC /* UIButton+AFNetworking.m */; };
		E730EABE19AF3DD500416CFC /* UIImageView+AFNetworking.m in Sources */ = {isa = PBXBuildFile; fileRef = E730EAA919AF3DD500416CFC /* UIImageView+AFNetworking.m */; };
		E730EABF19AF3DD500416CFC /* UIProgressView+AFNetworking.m in Sources */ = {isa = PBXBuildFile; fileRef = E730EAAC19AF3DD500416CFC /* UIProgressView+AFNetworking.m */; };
		E730EAC019AF3DD500416CFC /* UIRefreshControl+AFNetworking.m in Sources */ = {isa = PBXBuildFile; fileRef = E730EAAE19AF3DD500416CFC /* UIRefreshControl+AFNetworking.m */; };
		E730EAC119AF3DD500416CFC /* UIWebView+AFNetworking.m in Sources */ = {isa = PBXBuildFile; fileRef = E730EAB019AF3DD500416CFC /* UIWebView+AFNetworking.m */; };
		E742306C198629EF001B994A /* Foundation.framework in Frameworks */ = {isa = PBXBuildFile; fileRef = E742306B198629EF001B994A /* Foundation.framework */; };
		E742306E198629EF001B994A /* CoreGraphics.framework in Frameworks */ = {isa = PBXBuildFile; fileRef = E742306D198629EF001B994A /* CoreGraphics.framework */; };
		E7423070198629EF001B994A /* UIKit.framework in Frameworks */ = {isa = PBXBuildFile; fileRef = E742306F198629EF001B994A /* UIKit.framework */; };
		E7423076198629EF001B994A /* InfoPlist.strings in Resources */ = {isa = PBXBuildFile; fileRef = E7423074198629EF001B994A /* InfoPlist.strings */; };
		E7423078198629EF001B994A /* main.m in Sources */ = {isa = PBXBuildFile; fileRef = E7423077198629EF001B994A /* main.m */; };
		E742307C198629EF001B994A /* IVAppDelegate.m in Sources */ = {isa = PBXBuildFile; fileRef = E742307B198629EF001B994A /* IVAppDelegate.m */; };
		E742307E198629EF001B994A /* Images.xcassets in Resources */ = {isa = PBXBuildFile; fileRef = E742307D198629EF001B994A /* Images.xcassets */; };
		E7423085198629EF001B994A /* XCTest.framework in Frameworks */ = {isa = PBXBuildFile; fileRef = E7423084198629EF001B994A /* XCTest.framework */; };
		E7423086198629EF001B994A /* Foundation.framework in Frameworks */ = {isa = PBXBuildFile; fileRef = E742306B198629EF001B994A /* Foundation.framework */; };
		E7423087198629EF001B994A /* UIKit.framework in Frameworks */ = {isa = PBXBuildFile; fileRef = E742306F198629EF001B994A /* UIKit.framework */; };
		E742308F198629EF001B994A /* InfoPlist.strings in Resources */ = {isa = PBXBuildFile; fileRef = E742308D198629EF001B994A /* InfoPlist.strings */; };
		E7423091198629EF001B994A /* VkClientTests.m in Sources */ = {isa = PBXBuildFile; fileRef = E7423090198629EF001B994A /* VkClientTests.m */; };
		E742309D19862A17001B994A /* Storyboard.storyboard in Resources */ = {isa = PBXBuildFile; fileRef = E742309C19862A17001B994A /* Storyboard.storyboard */; };
		E7B888451987990A00F7235A /* IVMenuViewController.m in Sources */ = {isa = PBXBuildFile; fileRef = E7B888441987990A00F7235A /* IVMenuViewController.m */; };
		E7B8884819879FAF00F7235A /* IVMyPageViewController.m in Sources */ = {isa = PBXBuildFile; fileRef = E7B8884719879FAF00F7235A /* IVMyPageViewController.m */; };
		E7B8884C1987B09300F7235A /* METransitions.m in Sources */ = {isa = PBXBuildFile; fileRef = E7B8884B1987B09300F7235A /* METransitions.m */; };
		E7B8884F1987B19400F7235A /* MEFoldAnimationController.m in Sources */ = {isa = PBXBuildFile; fileRef = E7B8884E1987B19400F7235A /* MEFoldAnimationController.m */; };
		E7B888521987B1A600F7235A /* MEZoomAnimationController.m in Sources */ = {isa = PBXBuildFile; fileRef = E7B888511987B1A600F7235A /* MEZoomAnimationController.m */; };
		E7B888551987B1AC00F7235A /* MEDynamicTransition.m in Sources */ = {isa = PBXBuildFile; fileRef = E7B888541987B1AC00F7235A /* MEDynamicTransition.m */; };
		E7C319D6199CE994001B6C19 /* IVFriendsViewController.m in Sources */ = {isa = PBXBuildFile; fileRef = E7C319D5199CE994001B6C19 /* IVFriendsViewController.m */; };
		E7C319D9199CEA16001B6C19 /* IVMusicicViewController.m in Sources */ = {isa = PBXBuildFile; fileRef = E7C319D8199CEA16001B6C19 /* IVMusicicViewController.m */; };
		E7C319DC199CEBE4001B6C19 /* IVVideoViewController.m in Sources */ = {isa = PBXBuildFile; fileRef = E7C319DB199CEBE4001B6C19 /* IVVideoViewController.m */; };
		E7C319DF199CED55001B6C19 /* IVNewsViewController.m in Sources */ = {isa = PBXBuildFile; fileRef = E7C319DE199CED55001B6C19 /* IVNewsViewController.m */; };
/* End PBXBuildFile section */

/* Begin PBXContainerItemProxy section */
		E7423088198629EF001B994A /* PBXContainerItemProxy */ = {
			isa = PBXContainerItemProxy;
			containerPortal = E7423060198629EF001B994A /* Project object */;
			proxyType = 1;
			remoteGlobalIDString = E7423067198629EF001B994A;
			remoteInfo = VkClient;
		};
/* End PBXContainerItemProxy section */

/* Begin PBXFileReference section */
		04A088FD04BE4864B1C80B2E /* Pods.xcconfig */ = {isa = PBXFileReference; includeInIndex = 1; lastKnownFileType = text.xcconfig; name = Pods.xcconfig; path = Pods/Pods.xcconfig; sourceTree = "<group>"; };
		921A46450C9149DB91664BDF /* libPods.a */ = {isa = PBXFileReference; explicitFileType = archive.ar; includeInIndex = 0; path = libPods.a; sourceTree = BUILT_PRODUCTS_DIR; };
		E730EA7819AF241E00416CFC /* MEUser.h */ = {isa = PBXFileReference; fileEncoding = 4; lastKnownFileType = sourcecode.c.h; path = MEUser.h; sourceTree = "<group>"; };
		E730EA7919AF241E00416CFC /* MEUser.m */ = {isa = PBXFileReference; fileEncoding = 4; lastKnownFileType = sourcecode.c.objc; path = MEUser.m; sourceTree = "<group>"; };
		E730EA7A19AF241E00416CFC /* MEAudioModel.h */ = {isa = PBXFileReference; fileEncoding = 4; lastKnownFileType = sourcecode.c.h; path = MEAudioModel.h; sourceTree = "<group>"; };
		E730EA7B19AF241E00416CFC /* MEAudioModel.m */ = {isa = PBXFileReference; fileEncoding = 4; lastKnownFileType = sourcecode.c.objc; path = MEAudioModel.m; sourceTree = "<group>"; };
		E730EA7C19AF241E00416CFC /* MEAccessToken.h */ = {isa = PBXFileReference; fileEncoding = 4; lastKnownFileType = sourcecode.c.h; path = MEAccessToken.h; sourceTree = "<group>"; };
		E730EA7D19AF241E00416CFC /* MEAccessToken.m */ = {isa = PBXFileReference; fileEncoding = 4; lastKnownFileType = sourcecode.c.objc; path = MEAccessToken.m; sourceTree = "<group>"; };
		E730EA7E19AF241E00416CFC /* MyInfoData.h */ = {isa = PBXFileReference; fileEncoding = 4; lastKnownFileType = sourcecode.c.h; path = MyInfoData.h; sourceTree = "<group>"; };
		E730EA7F19AF241E00416CFC /* MyInfoData.m */ = {isa = PBXFileReference; fileEncoding = 4; lastKnownFileType = sourcecode.c.objc; path = MyInfoData.m; sourceTree = "<group>"; };
		E730EA8419AF245900416CFC /* MEManagerAPI.h */ = {isa = PBXFileReference; fileEncoding = 4; lastKnownFileType = sourcecode.c.h; path = MEManagerAPI.h; sourceTree = "<group>"; };
		E730EA8519AF245900416CFC /* MEManagerAPI.m */ = {isa = PBXFileReference; fileEncoding = 4; lastKnownFileType = sourcecode.c.objc; path = MEManagerAPI.m; sourceTree = "<group>"; };
		E730EA8719AF247A00416CFC /* MEAutorizationViewController.h */ = {isa = PBXFileReference; fileEncoding = 4; lastKnownFileType = sourcecode.c.h; path = MEAutorizationViewController.h; sourceTree = "<group>"; };
		E730EA8819AF247A00416CFC /* MEAutorizationViewController.m */ = {isa = PBXFileReference; fileEncoding = 4; lastKnownFileType = sourcecode.c.objc; path = MEAutorizationViewController.m; sourceTree = "<group>"; };
		E730EA8C19AF3DD500416CFC /* AFHTTPRequestOperation.h */ = {isa = PBXFileReference; fileEncoding = 4; lastKnownFileType = sourcecode.c.h; path = AFHTTPRequestOperation.h; sourceTree = "<group>"; };
		E730EA8D19AF3DD500416CFC /* AFHTTPRequestOperation.m */ = {isa = PBXFileReference; fileEncoding = 4; lastKnownFileType = sourcecode.c.objc; path = AFHTTPRequestOperation.m; sourceTree = "<group>"; };
		E730EA8E19AF3DD500416CFC /* AFHTTPRequestOperationManager.h */ = {isa = PBXFileReference; fileEncoding = 4; lastKnownFileType = sourcecode.c.h; path = AFHTTPRequestOperationManager.h; sourceTree = "<group>"; };
		E730EA8F19AF3DD500416CFC /* AFHTTPRequestOperationManager.m */ = {isa = PBXFileReference; fileEncoding = 4; lastKnownFileType = sourcecode.c.objc; path = AFHTTPRequestOperationManager.m; sourceTree = "<group>"; };
		E730EA9019AF3DD500416CFC /* AFHTTPSessionManager.h */ = {isa = PBXFileReference; fileEncoding = 4; lastKnownFileType = sourcecode.c.h; path = AFHTTPSessionManager.h; sourceTree = "<group>"; };
		E730EA9119AF3DD500416CFC /* AFHTTPSessionManager.m */ = {isa = PBXFileReference; fileEncoding = 4; lastKnownFileType = sourcecode.c.objc; path = AFHTTPSessionManager.m; sourceTree = "<group>"; };
		E730EA9219AF3DD500416CFC /* AFNetworking.h */ = {isa = PBXFileReference; fileEncoding = 4; lastKnownFileType = sourcecode.c.h; path = AFNetworking.h; sourceTree = "<group>"; };
		E730EA9319AF3DD500416CFC /* AFNetworkReachabilityManager.h */ = {isa = PBXFileReference; fileEncoding = 4; lastKnownFileType = sourcecode.c.h; path = AFNetworkReachabilityManager.h; sourceTree = "<group>"; };
		E730EA9419AF3DD500416CFC /* AFNetworkReachabilityManager.m */ = {isa = PBXFileReference; fileEncoding = 4; lastKnownFileType = sourcecode.c.objc; path = AFNetworkReachabilityManager.m; sourceTree = "<group>"; };
		E730EA9519AF3DD500416CFC /* AFSecurityPolicy.h */ = {isa = PBXFileReference; fileEncoding = 4; lastKnownFileType = sourcecode.c.h; path = AFSecurityPolicy.h; sourceTree = "<group>"; };
		E730EA9619AF3DD500416CFC /* AFSecurityPolicy.m */ = {isa = PBXFileReference; fileEncoding = 4; lastKnownFileType = sourcecode.c.objc; path = AFSecurityPolicy.m; sourceTree = "<group>"; };
		E730EA9719AF3DD500416CFC /* AFURLConnectionOperation.h */ = {isa = PBXFileReference; fileEncoding = 4; lastKnownFileType = sourcecode.c.h; path = AFURLConnectionOperation.h; sourceTree = "<group>"; };
		E730EA9819AF3DD500416CFC /* AFURLConnectionOperation.m */ = {isa = PBXFileReference; fileEncoding = 4; lastKnownFileType = sourcecode.c.objc; path = AFURLConnectionOperation.m; sourceTree = "<group>"; };
		E730EA9919AF3DD500416CFC /* AFURLRequestSerialization.h */ = {isa = PBXFileReference; fileEncoding = 4; lastKnownFileType = sourcecode.c.h; path = AFURLRequestSerialization.h; sourceTree = "<group>"; };
		E730EA9A19AF3DD500416CFC /* AFURLRequestSerialization.m */ = {isa = PBXFileReference; fileEncoding = 4; lastKnownFileType = sourcecode.c.objc; path = AFURLRequestSerialization.m; sourceTree = "<group>"; };
		E730EA9B19AF3DD500416CFC /* AFURLResponseSerialization.h */ = {isa = PBXFileReference; fileEncoding = 4; lastKnownFileType = sourcecode.c.h; path = AFURLResponseSerialization.h; sourceTree = "<group>"; };
		E730EA9C19AF3DD500416CFC /* AFURLResponseSerialization.m */ = {isa = PBXFileReference; fileEncoding = 4; lastKnownFileType = sourcecode.c.objc; path = AFURLResponseSerialization.m; sourceTree = "<group>"; };
		E730EA9D19AF3DD500416CFC /* AFURLSessionManager.h */ = {isa = PBXFileReference; fileEncoding = 4; lastKnownFileType = sourcecode.c.h; path = AFURLSessionManager.h; sourceTree = "<group>"; };
		E730EA9E19AF3DD500416CFC /* AFURLSessionManager.m */ = {isa = PBXFileReference; fileEncoding = 4; lastKnownFileType = sourcecode.c.objc; path = AFURLSessionManager.m; sourceTree = "<group>"; };
		E730EAA019AF3DD500416CFC /* AFNetworkActivityIndicatorManager.h */ = {isa = PBXFileReference; fileEncoding = 4; lastKnownFileType = sourcecode.c.h; path = AFNetworkActivityIndicatorManager.h; sourceTree = "<group>"; };
		E730EAA119AF3DD500416CFC /* AFNetworkActivityIndicatorManager.m */ = {isa = PBXFileReference; fileEncoding = 4; lastKnownFileType = sourcecode.c.objc; path = AFNetworkActivityIndicatorManager.m; sourceTree = "<group>"; };
		E730EAA219AF3DD500416CFC /* UIActivityIndicatorView+AFNetworking.h */ = {isa = PBXFileReference; fileEncoding = 4; lastKnownFileType = sourcecode.c.h; path = "UIActivityIndicatorView+AFNetworking.h"; sourceTree = "<group>"; };
		E730EAA319AF3DD500416CFC /* UIActivityIndicatorView+AFNetworking.m */ = {isa = PBXFileReference; fileEncoding = 4; lastKnownFileType = sourcecode.c.objc; path = "UIActivityIndicatorView+AFNetworking.m"; sourceTree = "<group>"; };
		E730EAA419AF3DD500416CFC /* UIAlertView+AFNetworking.h */ = {isa = PBXFileReference; fileEncoding = 4; lastKnownFileType = sourcecode.c.h; path = "UIAlertView+AFNetworking.h"; sourceTree = "<group>"; };
		E730EAA519AF3DD500416CFC /* UIAlertView+AFNetworking.m */ = {isa = PBXFileReference; fileEncoding = 4; lastKnownFileType = sourcecode.c.objc; path = "UIAlertView+AFNetworking.m"; sourceTree = "<group>"; };
		E730EAA619AF3DD500416CFC /* UIButton+AFNetworking.h */ = {isa = PBXFileReference; fileEncoding = 4; lastKnownFileType = sourcecode.c.h; path = "UIButton+AFNetworking.h"; sourceTree = "<group>"; };
		E730EAA719AF3DD500416CFC /* UIButton+AFNetworking.m */ = {isa = PBXFileReference; fileEncoding = 4; lastKnownFileType = sourcecode.c.objc; path = "UIButton+AFNetworking.m"; sourceTree = "<group>"; };
		E730EAA819AF3DD500416CFC /* UIImageView+AFNetworking.h */ = {isa = PBXFileReference; fileEncoding = 4; lastKnownFileType = sourcecode.c.h; path = "UIImageView+AFNetworking.h"; sourceTree = "<group>"; };
		E730EAA919AF3DD500416CFC /* UIImageView+AFNetworking.m */ = {isa = PBXFileReference; fileEncoding = 4; lastKnownFileType = sourcecode.c.objc; path = "UIImageView+AFNetworking.m"; sourceTree = "<group>"; };
		E730EAAA19AF3DD500416CFC /* UIKit+AFNetworking.h */ = {isa = PBXFileReference; fileEncoding = 4; lastKnownFileType = sourcecode.c.h; path = "UIKit+AFNetworking.h"; sourceTree = "<group>"; };
		E730EAAB19AF3DD500416CFC /* UIProgressView+AFNetworking.h */ = {isa = PBXFileReference; fileEncoding = 4; lastKnownFileType = sourcecode.c.h; path = "UIProgressView+AFNetworking.h"; sourceTree = "<group>"; };
		E730EAAC19AF3DD500416CFC /* UIProgressView+AFNetworking.m */ = {isa = PBXFileReference; fileEncoding = 4; lastKnownFileType = sourcecode.c.objc; path = "UIProgressView+AFNetworking.m"; sourceTree = "<group>"; };
		E730EAAD19AF3DD500416CFC /* UIRefreshControl+AFNetworking.h */ = {isa = PBXFileReference; fileEncoding = 4; lastKnownFileType = sourcecode.c.h; path = "UIRefreshControl+AFNetworking.h"; sourceTree = "<group>"; };
		E730EAAE19AF3DD500416CFC /* UIRefreshControl+AFNetworking.m */ = {isa = PBXFileReference; fileEncoding = 4; lastKnownFileType = sourcecode.c.objc; path = "UIRefreshControl+AFNetworking.m"; sourceTree = "<group>"; };
		E730EAAF19AF3DD500416CFC /* UIWebView+AFNetworking.h */ = {isa = PBXFileReference; fileEncoding = 4; lastKnownFileType = sourcecode.c.h; path = "UIWebView+AFNetworking.h"; sourceTree = "<group>"; };
		E730EAB019AF3DD500416CFC /* UIWebView+AFNetworking.m */ = {isa = PBXFileReference; fileEncoding = 4; lastKnownFileType = sourcecode.c.objc; path = "UIWebView+AFNetworking.m"; sourceTree = "<group>"; };
		E7423068198629EF001B994A /* VkClient.app */ = {isa = PBXFileReference; explicitFileType = wrapper.application; includeInIndex = 0; path = VkClient.app; sourceTree = BUILT_PRODUCTS_DIR; };
		E742306B198629EF001B994A /* Foundation.framework */ = {isa = PBXFileReference; lastKnownFileType = wrapper.framework; name = Foundation.framework; path = System/Library/Frameworks/Foundation.framework; sourceTree = SDKROOT; };
		E742306D198629EF001B994A /* CoreGraphics.framework */ = {isa = PBXFileReference; lastKnownFileType = wrapper.framework; name = CoreGraphics.framework; path = System/Library/Frameworks/CoreGraphics.framework; sourceTree = SDKROOT; };
		E742306F198629EF001B994A /* UIKit.framework */ = {isa = PBXFileReference; lastKnownFileType = wrapper.framework; name = UIKit.framework; path = System/Library/Frameworks/UIKit.framework; sourceTree = SDKROOT; };
		E7423073198629EF001B994A /* VkClient-Info.plist */ = {isa = PBXFileReference; lastKnownFileType = text.plist.xml; path = "VkClient-Info.plist"; sourceTree = "<group>"; };
		E7423075198629EF001B994A /* en */ = {isa = PBXFileReference; lastKnownFileType = text.plist.strings; name = en; path = en.lproj/InfoPlist.strings; sourceTree = "<group>"; };
		E7423077198629EF001B994A /* main.m */ = {isa = PBXFileReference; lastKnownFileType = sourcecode.c.objc; path = main.m; sourceTree = "<group>"; };
		E7423079198629EF001B994A /* VkClient-Prefix.pch */ = {isa = PBXFileReference; lastKnownFileType = sourcecode.c.h; path = "VkClient-Prefix.pch"; sourceTree = "<group>"; };
		E742307A198629EF001B994A /* IVAppDelegate.h */ = {isa = PBXFileReference; lastKnownFileType = sourcecode.c.h; path = IVAppDelegate.h; sourceTree = "<group>"; };
		E742307B198629EF001B994A /* IVAppDelegate.m */ = {isa = PBXFileReference; lastKnownFileType = sourcecode.c.objc; path = IVAppDelegate.m; sourceTree = "<group>"; };
		E742307D198629EF001B994A /* Images.xcassets */ = {isa = PBXFileReference; lastKnownFileType = folder.assetcatalog; path = Images.xcassets; sourceTree = "<group>"; };
		E7423083198629EF001B994A /* VkClientTests.xctest */ = {isa = PBXFileReference; explicitFileType = wrapper.cfbundle; includeInIndex = 0; path = VkClientTests.xctest; sourceTree = BUILT_PRODUCTS_DIR; };
		E7423084198629EF001B994A /* XCTest.framework */ = {isa = PBXFileReference; lastKnownFileType = wrapper.framework; name = XCTest.framework; path = Library/Frameworks/XCTest.framework; sourceTree = DEVELOPER_DIR; };
		E742308C198629EF001B994A /* VkClientTests-Info.plist */ = {isa = PBXFileReference; lastKnownFileType = text.plist.xml; path = "VkClientTests-Info.plist"; sourceTree = "<group>"; };
		E742308E198629EF001B994A /* en */ = {isa = PBXFileReference; lastKnownFileType = text.plist.strings; name = en; path = en.lproj/InfoPlist.strings; sourceTree = "<group>"; };
		E7423090198629EF001B994A /* VkClientTests.m */ = {isa = PBXFileReference; lastKnownFileType = sourcecode.c.objc; path = VkClientTests.m; sourceTree = "<group>"; };
		E742309C19862A17001B994A /* Storyboard.storyboard */ = {isa = PBXFileReference; fileEncoding = 4; lastKnownFileType = file.storyboard; path = Storyboard.storyboard; sourceTree = "<group>"; };
		E7B888431987990A00F7235A /* IVMenuViewController.h */ = {isa = PBXFileReference; fileEncoding = 4; lastKnownFileType = sourcecode.c.h; path = IVMenuViewController.h; sourceTree = "<group>"; };
		E7B888441987990A00F7235A /* IVMenuViewController.m */ = {isa = PBXFileReference; fileEncoding = 4; lastKnownFileType = sourcecode.c.objc; path = IVMenuViewController.m; sourceTree = "<group>"; };
		E7B8884619879FAF00F7235A /* IVMyPageViewController.h */ = {isa = PBXFileReference; fileEncoding = 4; lastKnownFileType = sourcecode.c.h; path = IVMyPageViewController.h; sourceTree = "<group>"; };
		E7B8884719879FAF00F7235A /* IVMyPageViewController.m */ = {isa = PBXFileReference; fileEncoding = 4; lastKnownFileType = sourcecode.c.objc; path = IVMyPageViewController.m; sourceTree = "<group>"; };
		E7B8884A1987B09300F7235A /* METransitions.h */ = {isa = PBXFileReference; fileEncoding = 4; lastKnownFileType = sourcecode.c.h; path = METransitions.h; sourceTree = "<group>"; };
		E7B8884B1987B09300F7235A /* METransitions.m */ = {isa = PBXFileReference; fileEncoding = 4; lastKnownFileType = sourcecode.c.objc; path = METransitions.m; sourceTree = "<group>"; };
		E7B8884D1987B19400F7235A /* MEFoldAnimationController.h */ = {isa = PBXFileReference; fileEncoding = 4; lastKnownFileType = sourcecode.c.h; path = MEFoldAnimationController.h; sourceTree = "<group>"; };
		E7B8884E1987B19400F7235A /* MEFoldAnimationController.m */ = {isa = PBXFileReference; fileEncoding = 4; lastKnownFileType = sourcecode.c.objc; path = MEFoldAnimationController.m; sourceTree = "<group>"; };
		E7B888501987B1A600F7235A /* MEZoomAnimationController.h */ = {isa = PBXFileReference; fileEncoding = 4; lastKnownFileType = sourcecode.c.h; path = MEZoomAnimationController.h; sourceTree = "<group>"; };
		E7B888511987B1A600F7235A /* MEZoomAnimationController.m */ = {isa = PBXFileReference; fileEncoding = 4; lastKnownFileType = sourcecode.c.objc; path = MEZoomAnimationController.m; sourceTree = "<group>"; };
		E7B888531987B1AC00F7235A /* MEDynamicTransition.h */ = {isa = PBXFileReference; fileEncoding = 4; lastKnownFileType = sourcecode.c.h; path = MEDynamicTransition.h; sourceTree = "<group>"; };
		E7B888541987B1AC00F7235A /* MEDynamicTransition.m */ = {isa = PBXFileReference; fileEncoding = 4; lastKnownFileType = sourcecode.c.objc; path = MEDynamicTransition.m; sourceTree = "<group>"; };
		E7C319D4199CE994001B6C19 /* IVFriendsViewController.h */ = {isa = PBXFileReference; fileEncoding = 4; lastKnownFileType = sourcecode.c.h; path = IVFriendsViewController.h; sourceTree = "<group>"; };
		E7C319D5199CE994001B6C19 /* IVFriendsViewController.m */ = {isa = PBXFileReference; fileEncoding = 4; lastKnownFileType = sourcecode.c.objc; path = IVFriendsViewController.m; sourceTree = "<group>"; };
		E7C319D7199CEA16001B6C19 /* IVMusicicViewController.h */ = {isa = PBXFileReference; fileEncoding = 4; lastKnownFileType = sourcecode.c.h; path = IVMusicicViewController.h; sourceTree = "<group>"; };
		E7C319D8199CEA16001B6C19 /* IVMusicicViewController.m */ = {isa = PBXFileReference; fileEncoding = 4; lastKnownFileType = sourcecode.c.objc; path = IVMusicicViewController.m; sourceTree = "<group>"; };
		E7C319DA199CEBE4001B6C19 /* IVVideoViewController.h */ = {isa = PBXFileReference; fileEncoding = 4; lastKnownFileType = sourcecode.c.h; path = IVVideoViewController.h; sourceTree = "<group>"; };
		E7C319DB199CEBE4001B6C19 /* IVVideoViewController.m */ = {isa = PBXFileReference; fileEncoding = 4; lastKnownFileType = sourcecode.c.objc; path = IVVideoViewController.m; sourceTree = "<group>"; };
		E7C319DD199CED55001B6C19 /* IVNewsViewController.h */ = {isa = PBXFileReference; fileEncoding = 4; lastKnownFileType = sourcecode.c.h; path = IVNewsViewController.h; sourceTree = "<group>"; };
		E7C319DE199CED55001B6C19 /* IVNewsViewController.m */ = {isa = PBXFileReference; fileEncoding = 4; lastKnownFileType = sourcecode.c.objc; path = IVNewsViewController.m; sourceTree = "<group>"; };
/* End PBXFileReference section */

/* Begin PBXFrameworksBuildPhase section */
		E7423065198629EF001B994A /* Frameworks */ = {
			isa = PBXFrameworksBuildPhase;
			buildActionMask = 2147483647;
			files = (
				E742306E198629EF001B994A /* CoreGraphics.framework in Frameworks */,
				E7423070198629EF001B994A /* UIKit.framework in Frameworks */,
				E742306C198629EF001B994A /* Foundation.framework in Frameworks */,
				AEC0404B1F624EA28F0E874A /* libPods.a in Frameworks */,
			);
			runOnlyForDeploymentPostprocessing = 0;
		};
		E7423080198629EF001B994A /* Frameworks */ = {
			isa = PBXFrameworksBuildPhase;
			buildActionMask = 2147483647;
			files = (
				E7423085198629EF001B994A /* XCTest.framework in Frameworks */,
				E7423087198629EF001B994A /* UIKit.framework in Frameworks */,
				E7423086198629EF001B994A /* Foundation.framework in Frameworks */,
			);
			runOnlyForDeploymentPostprocessing = 0;
		};
/* End PBXFrameworksBuildPhase section */

/* Begin PBXGroup section */
		E730EA7719AE1B7600416CFC /* view */ = {
			isa = PBXGroup;
			children = (
				E730EA8719AF247A00416CFC /* MEAutorizationViewController.h */,
				E730EA8819AF247A00416CFC /* MEAutorizationViewController.m */,
			);
			name = view;
			sourceTree = "<group>";
		};
		E730EA8A19AF3D9B00416CFC /* libs */ = {
			isa = PBXGroup;
			children = (
				E730EA8B19AF3DD500416CFC /* AFNetworking */,
				E730EA9F19AF3DD500416CFC /* UIKit+AFNetworking */,
			);
			name = libs;
			sourceTree = "<group>";
		};
		E730EA8B19AF3DD500416CFC /* AFNetworking */ = {
			isa = PBXGroup;
			children = (
				E730EA8C19AF3DD500416CFC /* AFHTTPRequestOperation.h */,
				E730EA8D19AF3DD500416CFC /* AFHTTPRequestOperation.m */,
				E730EA8E19AF3DD500416CFC /* AFHTTPRequestOperationManager.h */,
				E730EA8F19AF3DD500416CFC /* AFHTTPRequestOperationManager.m */,
				E730EA9019AF3DD500416CFC /* AFHTTPSessionManager.h */,
				E730EA9119AF3DD500416CFC /* AFHTTPSessionManager.m */,
				E730EA9219AF3DD500416CFC /* AFNetworking.h */,
				E730EA9319AF3DD500416CFC /* AFNetworkReachabilityManager.h */,
				E730EA9419AF3DD500416CFC /* AFNetworkReachabilityManager.m */,
				E730EA9519AF3DD500416CFC /* AFSecurityPolicy.h */,
				E730EA9619AF3DD500416CFC /* AFSecurityPolicy.m */,
				E730EA9719AF3DD500416CFC /* AFURLConnectionOperation.h */,
				E730EA9819AF3DD500416CFC /* AFURLConnectionOperation.m */,
				E730EA9919AF3DD500416CFC /* AFURLRequestSerialization.h */,
				E730EA9A19AF3DD500416CFC /* AFURLRequestSerialization.m */,
				E730EA9B19AF3DD500416CFC /* AFURLResponseSerialization.h */,
				E730EA9C19AF3DD500416CFC /* AFURLResponseSerialization.m */,
				E730EA9D19AF3DD500416CFC /* AFURLSessionManager.h */,
				E730EA9E19AF3DD500416CFC /* AFURLSessionManager.m */,
			);
			name = AFNetworking;
			path = "../../../../Desktop/ECSlidingViewController-master/Examples/TransitionFun/TransitionFun/lib/AFNetworking";
			sourceTree = "<group>";
		};
		E730EA9F19AF3DD500416CFC /* UIKit+AFNetworking */ = {
			isa = PBXGroup;
			children = (
				E730EAA019AF3DD500416CFC /* AFNetworkActivityIndicatorManager.h */,
				E730EAA119AF3DD500416CFC /* AFNetworkActivityIndicatorManager.m */,
				E730EAA219AF3DD500416CFC /* UIActivityIndicatorView+AFNetworking.h */,
				E730EAA319AF3DD500416CFC /* UIActivityIndicatorView+AFNetworking.m */,
				E730EAA419AF3DD500416CFC /* UIAlertView+AFNetworking.h */,
				E730EAA519AF3DD500416CFC /* UIAlertView+AFNetworking.m */,
				E730EAA619AF3DD500416CFC /* UIButton+AFNetworking.h */,
				E730EAA719AF3DD500416CFC /* UIButton+AFNetworking.m */,
				E730EAA819AF3DD500416CFC /* UIImageView+AFNetworking.h */,
				E730EAA919AF3DD500416CFC /* UIImageView+AFNetworking.m */,
				E730EAAA19AF3DD500416CFC /* UIKit+AFNetworking.h */,
				E730EAAB19AF3DD500416CFC /* UIProgressView+AFNetworking.h */,
				E730EAAC19AF3DD500416CFC /* UIProgressView+AFNetworking.m */,
				E730EAAD19AF3DD500416CFC /* UIRefreshControl+AFNetworking.h */,
				E730EAAE19AF3DD500416CFC /* UIRefreshControl+AFNetworking.m */,
				E730EAAF19AF3DD500416CFC /* UIWebView+AFNetworking.h */,
				E730EAB019AF3DD500416CFC /* UIWebView+AFNetworking.m */,
			);
			name = "UIKit+AFNetworking";
			path = "../../../../Desktop/ECSlidingViewController-master/Examples/TransitionFun/TransitionFun/lib/UIKit+AFNetworking";
			sourceTree = "<group>";
		};
		E742305F198629EF001B994A = {
			isa = PBXGroup;
			children = (
				E7423071198629EF001B994A /* VkClient */,
				E742308A198629EF001B994A /* VkClientTests */,
				E742306A198629EF001B994A /* Frameworks */,
				E7423069198629EF001B994A /* Products */,
				04A088FD04BE4864B1C80B2E /* Pods.xcconfig */,
			);
			sourceTree = "<group>";
		};
		E7423069198629EF001B994A /* Products */ = {
			isa = PBXGroup;
			children = (
				E7423068198629EF001B994A /* VkClient.app */,
				E7423083198629EF001B994A /* VkClientTests.xctest */,
			);
			name = Products;
			sourceTree = "<group>";
		};
		E742306A198629EF001B994A /* Frameworks */ = {
			isa = PBXGroup;
			children = (
				E742306B198629EF001B994A /* Foundation.framework */,
				E742306D198629EF001B994A /* CoreGraphics.framework */,
				E742306F198629EF001B994A /* UIKit.framework */,
				E7423084198629EF001B994A /* XCTest.framework */,
				921A46450C9149DB91664BDF /* libPods.a */,
			);
			name = Frameworks;
			sourceTree = "<group>";
		};
		E7423071198629EF001B994A /* VkClient */ = {
			isa = PBXGroup;
			children = (
				E730EA8A19AF3D9B00416CFC /* libs */,
				E730EA7719AE1B7600416CFC /* view */,
				E7B888491987B08200F7235A /* Transitions */,
				E742309B198629FD001B994A /* Controllers */,
				E742309A198629F5001B994A /* Model */,
				E742307A198629EF001B994A /* IVAppDelegate.h */,
				E730EA8419AF245900416CFC /* MEManagerAPI.h */,
				E730EA8519AF245900416CFC /* MEManagerAPI.m */,
				E742307B198629EF001B994A /* IVAppDelegate.m */,
				E742307D198629EF001B994A /* Images.xcassets */,
				E7423072198629EF001B994A /* Supporting Files */,
				E742309C19862A17001B994A /* Storyboard.storyboard */,
			);
			path = VkClient;
			sourceTree = "<group>";
		};
		E7423072198629EF001B994A /* Supporting Files */ = {
			isa = PBXGroup;
			children = (
				E7423073198629EF001B994A /* VkClient-Info.plist */,
				E7423074198629EF001B994A /* InfoPlist.strings */,
				E7423077198629EF001B994A /* main.m */,
				E7423079198629EF001B994A /* VkClient-Prefix.pch */,
			);
			name = "Supporting Files";
			sourceTree = "<group>";
		};
		E742308A198629EF001B994A /* VkClientTests */ = {
			isa = PBXGroup;
			children = (
				E7423090198629EF001B994A /* VkClientTests.m */,
				E742308B198629EF001B994A /* Supporting Files */,
			);
			path = VkClientTests;
			sourceTree = "<group>";
		};
		E742308B198629EF001B994A /* Supporting Files */ = {
			isa = PBXGroup;
			children = (
				E742308C198629EF001B994A /* VkClientTests-Info.plist */,
				E742308D198629EF001B994A /* InfoPlist.strings */,
			);
			name = "Supporting Files";
			sourceTree = "<group>";
		};
		E742309A198629F5001B994A /* Model */ = {
			isa = PBXGroup;
			children = (
				E730EA7819AF241E00416CFC /* MEUser.h */,
				E730EA7919AF241E00416CFC /* MEUser.m */,
				E730EA7A19AF241E00416CFC /* MEAudioModel.h */,
				E730EA7B19AF241E00416CFC /* MEAudioModel.m */,
				E730EA7C19AF241E00416CFC /* MEAccessToken.h */,
				E730EA7D19AF241E00416CFC /* MEAccessToken.m */,
				E730EA7E19AF241E00416CFC /* MyInfoData.h */,
				E730EA7F19AF241E00416CFC /* MyInfoData.m */,
			);
			name = Model;
			sourceTree = "<group>";
		};
		E742309B198629FD001B994A /* Controllers */ = {
			isa = PBXGroup;
			children = (
				E7B888431987990A00F7235A /* IVMenuViewController.h */,
				E7B888441987990A00F7235A /* IVMenuViewController.m */,
				E7B8884619879FAF00F7235A /* IVMyPageViewController.h */,
				E7B8884719879FAF00F7235A /* IVMyPageViewController.m */,
				E7C319D4199CE994001B6C19 /* IVFriendsViewController.h */,
				E7C319D5199CE994001B6C19 /* IVFriendsViewController.m */,
				E7C319D7199CEA16001B6C19 /* IVMusicicViewController.h */,
				E7C319D8199CEA16001B6C19 /* IVMusicicViewController.m */,
				E7C319DA199CEBE4001B6C19 /* IVVideoViewController.h */,
				E7C319DB199CEBE4001B6C19 /* IVVideoViewController.m */,
				E7C319DD199CED55001B6C19 /* IVNewsViewController.h */,
				E7C319DE199CED55001B6C19 /* IVNewsViewController.m */,
			);
			name = Controllers;
			sourceTree = "<group>";
		};
		E7B888491987B08200F7235A /* Transitions */ = {
			isa = PBXGroup;
			children = (
				E7B888531987B1AC00F7235A /* MEDynamicTransition.h */,
				E7B888541987B1AC00F7235A /* MEDynamicTransition.m */,
				E7B8884D1987B19400F7235A /* MEFoldAnimationController.h */,
				E7B888501987B1A600F7235A /* MEZoomAnimationController.h */,
				E7B888511987B1A600F7235A /* MEZoomAnimationController.m */,
				E7B8884E1987B19400F7235A /* MEFoldAnimationController.m */,
				E7B8884A1987B09300F7235A /* METransitions.h */,
				E7B8884B1987B09300F7235A /* METransitions.m */,
			);
			name = Transitions;
			sourceTree = "<group>";
		};
/* End PBXGroup section */

/* Begin PBXNativeTarget section */
		E7423067198629EF001B994A /* VkClient */ = {
			isa = PBXNativeTarget;
			buildConfigurationList = E7423094198629EF001B994A /* Build configuration list for PBXNativeTarget "VkClient" */;
			buildPhases = (
				5B00BD7AB7284B76B24D269A /* Check Pods Manifest.lock */,
				E7423064198629EF001B994A /* Sources */,
				E7423065198629EF001B994A /* Frameworks */,
				E7423066198629EF001B994A /* Resources */,
				F40DFF5522EE442ABBB193F4 /* Copy Pods Resources */,
			);
			buildRules = (
			);
			dependencies = (
			);
			name = VkClient;
			productName = VkClient;
			productReference = E7423068198629EF001B994A /* VkClient.app */;
			productType = "com.apple.product-type.application";
		};
		E7423082198629EF001B994A /* VkClientTests */ = {
			isa = PBXNativeTarget;
			buildConfigurationList = E7423097198629EF001B994A /* Build configuration list for PBXNativeTarget "VkClientTests" */;
			buildPhases = (
				E742307F198629EF001B994A /* Sources */,
				E7423080198629EF001B994A /* Frameworks */,
				E7423081198629EF001B994A /* Resources */,
			);
			buildRules = (
			);
			dependencies = (
				E7423089198629EF001B994A /* PBXTargetDependency */,
			);
			name = VkClientTests;
			productName = VkClientTests;
			productReference = E7423083198629EF001B994A /* VkClientTests.xctest */;
			productType = "com.apple.product-type.bundle.unit-test";
		};
/* End PBXNativeTarget section */

/* Begin PBXProject section */
		E7423060198629EF001B994A /* Project object */ = {
			isa = PBXProject;
			attributes = {
				CLASSPREFIX = IV;
				LastUpgradeCheck = 0510;
				ORGANIZATIONNAME = "Inozemtsev Vladimir";
				TargetAttributes = {
					E7423082198629EF001B994A = {
						TestTargetID = E7423067198629EF001B994A;
					};
				};
			};
			buildConfigurationList = E7423063198629EF001B994A /* Build configuration list for PBXProject "VkClient" */;
			compatibilityVersion = "Xcode 3.2";
			developmentRegion = English;
			hasScannedForEncodings = 0;
			knownRegions = (
				en,
			);
			mainGroup = E742305F198629EF001B994A;
			productRefGroup = E7423069198629EF001B994A /* Products */;
			projectDirPath = "";
			projectRoot = "";
			targets = (
				E7423067198629EF001B994A /* VkClient */,
				E7423082198629EF001B994A /* VkClientTests */,
			);
		};
/* End PBXProject section */

/* Begin PBXResourcesBuildPhase section */
		E7423066198629EF001B994A /* Resources */ = {
			isa = PBXResourcesBuildPhase;
			buildActionMask = 2147483647;
			files = (
				E7423076198629EF001B994A /* InfoPlist.strings in Resources */,
				E742307E198629EF001B994A /* Images.xcassets in Resources */,
				E742309D19862A17001B994A /* Storyboard.storyboard in Resources */,
			);
			runOnlyForDeploymentPostprocessing = 0;
		};
		E7423081198629EF001B994A /* Resources */ = {
			isa = PBXResourcesBuildPhase;
			buildActionMask = 2147483647;
			files = (
				E742308F198629EF001B994A /* InfoPlist.strings in Resources */,
			);
			runOnlyForDeploymentPostprocessing = 0;
		};
/* End PBXResourcesBuildPhase section */

/* Begin PBXShellScriptBuildPhase section */
		5B00BD7AB7284B76B24D269A /* Check Pods Manifest.lock */ = {
			isa = PBXShellScriptBuildPhase;
			buildActionMask = 2147483647;
			files = (
			);
			inputPaths = (
			);
			name = "Check Pods Manifest.lock";
			outputPaths = (
			);
			runOnlyForDeploymentPostprocessing = 0;
			shellPath = /bin/sh;
			shellScript = "diff \"${PODS_ROOT}/../Podfile.lock\" \"${PODS_ROOT}/Manifest.lock\" > /dev/null\nif [[ $? != 0 ]] ; then\n    cat << EOM\nerror: The sandbox is not in sync with the Podfile.lock. Run 'pod install' or update your CocoaPods installation.\nEOM\n    exit 1\nfi\n";
			showEnvVarsInLog = 0;
		};
		F40DFF5522EE442ABBB193F4 /* Copy Pods Resources */ = {
			isa = PBXShellScriptBuildPhase;
			buildActionMask = 2147483647;
			files = (
			);
			inputPaths = (
			);
			name = "Copy Pods Resources";
			outputPaths = (
			);
			runOnlyForDeploymentPostprocessing = 0;
			shellPath = /bin/sh;
			shellScript = "\"${SRCROOT}/Pods/Pods-resources.sh\"\n";
			showEnvVarsInLog = 0;
		};
/* End PBXShellScriptBuildPhase section */

/* Begin PBXSourcesBuildPhase section */
		E7423064198629EF001B994A /* Sources */ = {
			isa = PBXSourcesBuildPhase;
			buildActionMask = 2147483647;
			files = (
				E7B8884C1987B09300F7235A /* METransitions.m in Sources */,
				E7B8884F1987B19400F7235A /* MEFoldAnimationController.m in Sources */,
				E730EAB519AF3DD500416CFC /* AFSecurityPolicy.m in Sources */,
				E730EAB219AF3DD500416CFC /* AFHTTPRequestOperationManager.m in Sources */,
				E730EAB119AF3DD500416CFC /* AFHTTPRequestOperation.m in Sources */,
				E7B888551987B1AC00F7235A /* MEDynamicTransition.m in Sources */,
				E730EA8319AF241E00416CFC /* MyInfoData.m in Sources */,
				E7B8884819879FAF00F7235A /* IVMyPageViewController.m in Sources */,
				E7C319DF199CED55001B6C19 /* IVNewsViewController.m in Sources */,
				E730EABD19AF3DD500416CFC /* UIButton+AFNetworking.m in Sources */,
				E7B888521987B1A600F7235A /* MEZoomAnimationController.m in Sources */,
				E730EABE19AF3DD500416CFC /* UIImageView+AFNetworking.m in Sources */,
				E7C319D9199CEA16001B6C19 /* IVMusicicViewController.m in Sources */,
				E730EABF19AF3DD500416CFC /* UIProgressView+AFNetworking.m in Sources */,
				E7B888451987990A00F7235A /* IVMenuViewController.m in Sources */,
				E730EABA19AF3DD500416CFC /* AFNetworkActivityIndicatorManager.m in Sources */,
				E7C319DC199CEBE4001B6C19 /* IVVideoViewController.m in Sources */,
				E730EAC119AF3DD500416CFC /* UIWebView+AFNetworking.m in Sources */,
				E730EAB319AF3DD500416CFC /* AFHTTPSessionManager.m in Sources */,
				E7423078198629EF001B994A /* main.m in Sources */,
				E730EA8919AF247A00416CFC /* MEAutorizationViewController.m in Sources */,
				E730EAB619AF3DD500416CFC /* AFURLConnectionOperation.m in Sources */,
				E730EAB719AF3DD500416CFC /* AFURLRequestSerialization.m in Sources */,
				E730EAB919AF3DD500416CFC /* AFURLSessionManager.m in Sources */,
				E730EAB819AF3DD500416CFC /* AFURLResponseSerialization.m in Sources */,
				E730EAC019AF3DD500416CFC /* UIRefreshControl+AFNetworking.m in Sources */,
				E742307C198629EF001B994A /* IVAppDelegate.m in Sources */,
				E730EABB19AF3DD500416CFC /* UIActivityIndicatorView+AFNetworking.m in Sources */,
				E7C319D6199CE994001B6C19 /* IVFriendsViewController.m in Sources */,
				E730EABC19AF3DD500416CFC /* UIAlertView+AFNetworking.m in Sources */,
				E730EA8119AF241E00416CFC /* MEAudioModel.m in Sources */,
				E730EA8019AF241E00416CFC /* MEUser.m in Sources */,
				E730EA8219AF241E00416CFC /* MEAccessToken.m in Sources */,
				E730EAB419AF3DD500416CFC /* AFNetworkReachabilityManager.m in Sources */,
				E730EA8619AF245900416CFC /* MEManagerAPI.m in Sources */,
			);
			runOnlyForDeploymentPostprocessing = 0;
		};
		E742307F198629EF001B994A /* Sources */ = {
			isa = PBXSourcesBuildPhase;
			buildActionMask = 2147483647;
			files = (
				E7423091198629EF001B994A /* VkClientTests.m in Sources */,
			);
			runOnlyForDeploymentPostprocessing = 0;
		};
/* End PBXSourcesBuildPhase section */

/* Begin PBXTargetDependency section */
		E7423089198629EF001B994A /* PBXTargetDependency */ = {
			isa = PBXTargetDependency;
			target = E7423067198629EF001B994A /* VkClient */;
			targetProxy = E7423088198629EF001B994A /* PBXContainerItemProxy */;
		};
/* End PBXTargetDependency section */

/* Begin PBXVariantGroup section */
		E7423074198629EF001B994A /* InfoPlist.strings */ = {
			isa = PBXVariantGroup;
			children = (
				E7423075198629EF001B994A /* en */,
			);
			name = InfoPlist.strings;
			sourceTree = "<group>";
		};
		E742308D198629EF001B994A /* InfoPlist.strings */ = {
			isa = PBXVariantGroup;
			children = (
				E742308E198629EF001B994A /* en */,
			);
			name = InfoPlist.strings;
			sourceTree = "<group>";
		};
/* End PBXVariantGroup section */

/* Begin XCBuildConfiguration section */
		E7423092198629EF001B994A /* Debug */ = {
			isa = XCBuildConfiguration;
			buildSettings = {
				ALWAYS_SEARCH_USER_PATHS = NO;
				CLANG_CXX_LANGUAGE_STANDARD = "gnu++0x";
				CLANG_CXX_LIBRARY = "libc++";
				CLANG_ENABLE_MODULES = YES;
				CLANG_ENABLE_OBJC_ARC = YES;
				CLANG_WARN_BOOL_CONVERSION = YES;
				CLANG_WARN_CONSTANT_CONVERSION = YES;
				CLANG_WARN_DIRECT_OBJC_ISA_USAGE = YES_ERROR;
				CLANG_WARN_EMPTY_BODY = YES;
				CLANG_WARN_ENUM_CONVERSION = YES;
				CLANG_WARN_INT_CONVERSION = YES;
				CLANG_WARN_OBJC_ROOT_CLASS = YES_ERROR;
				CLANG_WARN__DUPLICATE_METHOD_MATCH = YES;
				"CODE_SIGN_IDENTITY[sdk=iphoneos*]" = "iPhone Developer";
				COPY_PHASE_STRIP = NO;
				GCC_C_LANGUAGE_STANDARD = gnu99;
				GCC_DYNAMIC_NO_PIC = NO;
				GCC_OPTIMIZATION_LEVEL = 0;
				GCC_PREPROCESSOR_DEFINITIONS = (
					"DEBUG=1",
					"$(inherited)",
				);
				GCC_SYMBOLS_PRIVATE_EXTERN = NO;
				GCC_WARN_64_TO_32_BIT_CONVERSION = YES;
				GCC_WARN_ABOUT_RETURN_TYPE = YES_ERROR;
				GCC_WARN_UNDECLARED_SELECTOR = YES;
				GCC_WARN_UNINITIALIZED_AUTOS = YES_AGGRESSIVE;
				GCC_WARN_UNUSED_FUNCTION = YES;
				GCC_WARN_UNUSED_VARIABLE = YES;
				IPHONEOS_DEPLOYMENT_TARGET = 7.1;
				ONLY_ACTIVE_ARCH = YES;
				SDKROOT = iphoneos;
				TARGETED_DEVICE_FAMILY = "1,2";
			};
			name = Debug;
		};
		E7423093198629EF001B994A /* Release */ = {
			isa = XCBuildConfiguration;
			buildSettings = {
				ALWAYS_SEARCH_USER_PATHS = NO;
				CLANG_CXX_LANGUAGE_STANDARD = "gnu++0x";
				CLANG_CXX_LIBRARY = "libc++";
				CLANG_ENABLE_MODULES = YES;
				CLANG_ENABLE_OBJC_ARC = YES;
				CLANG_WARN_BOOL_CONVERSION = YES;
				CLANG_WARN_CONSTANT_CONVERSION = YES;
				CLANG_WARN_DIRECT_OBJC_ISA_USAGE = YES_ERROR;
				CLANG_WARN_EMPTY_BODY = YES;
				CLANG_WARN_ENUM_CONVERSION = YES;
				CLANG_WARN_INT_CONVERSION = YES;
				CLANG_WARN_OBJC_ROOT_CLASS = YES_ERROR;
				CLANG_WARN__DUPLICATE_METHOD_MATCH = YES;
				"CODE_SIGN_IDENTITY[sdk=iphoneos*]" = "iPhone Developer";
				COPY_PHASE_STRIP = YES;
				ENABLE_NS_ASSERTIONS = NO;
				GCC_C_LANGUAGE_STANDARD = gnu99;
				GCC_WARN_64_TO_32_BIT_CONVERSION = YES;
				GCC_WARN_ABOUT_RETURN_TYPE = YES_ERROR;
				GCC_WARN_UNDECLARED_SELECTOR = YES;
				GCC_WARN_UNINITIALIZED_AUTOS = YES_AGGRESSIVE;
				GCC_WARN_UNUSED_FUNCTION = YES;
				GCC_WARN_UNUSED_VARIABLE = YES;
				IPHONEOS_DEPLOYMENT_TARGET = 7.1;
				SDKROOT = iphoneos;
				TARGETED_DEVICE_FAMILY = "1,2";
				VALIDATE_PRODUCT = YES;
			};
			name = Release;
		};
		E7423095198629EF001B994A /* Debug */ = {
			isa = XCBuildConfiguration;
			baseConfigurationReference = 04A088FD04BE4864B1C80B2E /* Pods.xcconfig */;
			buildSettings = {
				ASSETCATALOG_COMPILER_APPICON_NAME = AppIcon;
				ASSETCATALOG_COMPILER_LAUNCHIMAGE_NAME = LaunchImage;
				GCC_PRECOMPILE_PREFIX_HEADER = YES;
				GCC_PREFIX_HEADER = "VkClient/VkClient-Prefix.pch";
				INFOPLIST_FILE = "VkClient/VkClient-Info.plist";
				PRODUCT_NAME = "$(TARGET_NAME)";
				TARGETED_DEVICE_FAMILY = 2;
				WRAPPER_EXTENSION = app;
			};
			name = Debug;
		};
		E7423096198629EF001B994A /* Release */ = {
			isa = XCBuildConfiguration;
			baseConfigurationReference = 04A088FD04BE4864B1C80B2E /* Pods.xcconfig */;
			buildSettings = {
				ASSETCATALOG_COMPILER_APPICON_NAME = AppIcon;
				ASSETCATALOG_COMPILER_LAUNCHIMAGE_NAME = LaunchImage;
				GCC_PRECOMPILE_PREFIX_HEADER = YES;
				GCC_PREFIX_HEADER = "VkClient/VkClient-Prefix.pch";
				INFOPLIST_FILE = "VkClient/VkClient-Info.plist";
				PRODUCT_NAME = "$(TARGET_NAME)";
				TARGETED_DEVICE_FAMILY = 2;
				WRAPPER_EXTENSION = app;
			};
			name = Release;
		};
		E7423098198629EF001B994A /* Debug */ = {
			isa = XCBuildConfiguration;
			buildSettings = {
				BUNDLE_LOADER = "$(BUILT_PRODUCTS_DIR)/VkClient.app/VkClient";
				FRAMEWORK_SEARCH_PATHS = (
					"$(SDKROOT)/Developer/Library/Frameworks",
					"$(inherited)",
					"$(DEVELOPER_FRAMEWORKS_DIR)",
				);
				GCC_PRECOMPILE_PREFIX_HEADER = YES;
				GCC_PREFIX_HEADER = "VkClient/VkClient-Prefix.pch";
				GCC_PREPROCESSOR_DEFINITIONS = (
					"DEBUG=1",
					"$(inherited)",
				);
				INFOPLIST_FILE = "VkClientTests/VkClientTests-Info.plist";
				PRODUCT_NAME = "$(TARGET_NAME)";
				TEST_HOST = "$(BUNDLE_LOADER)";
				WRAPPER_EXTENSION = xctest;
			};
			name = Debug;
		};
		E7423099198629EF001B994A /* Release */ = {
			isa = XCBuildConfiguration;
			buildSettings = {
				BUNDLE_LOADER = "$(BUILT_PRODUCTS_DIR)/VkClient.app/VkClient";
				FRAMEWORK_SEARCH_PATHS = (
					"$(SDKROOT)/Developer/Library/Frameworks",
					"$(inherited)",
					"$(DEVELOPER_FRAMEWORKS_DIR)",
				);
				GCC_PRECOMPILE_PREFIX_HEADER = YES;
				GCC_PREFIX_HEADER = "VkClient/VkClient-Prefix.pch";
				INFOPLIST_FILE = "VkClientTests/VkClientTests-Info.plist";
				PRODUCT_NAME = "$(TARGET_NAME)";
				TEST_HOST = "$(BUNDLE_LOADER)";
				WRAPPER_EXTENSION = xctest;
			};
			name = Release;
		};
/* End XCBuildConfiguration section */

/* Begin XCConfigurationList section */
		E7423063198629EF001B994A /* Build configuration list for PBXProject "VkClient" */ = {
			isa = XCConfigurationList;
			buildConfigurations = (
				E7423092198629EF001B994A /* Debug */,
				E7423093198629EF001B994A /* Release */,
			);
			defaultConfigurationIsVisible = 0;
			defaultConfigurationName = Release;
		};
		E7423094198629EF001B994A /* Build configuration list for PBXNativeTarget "VkClient" */ = {
			isa = XCConfigurationList;
			buildConfigurations = (
				E7423095198629EF001B994A /* Debug */,
				E7423096198629EF001B994A /* Release */,
			);
			defaultConfigurationIsVisible = 0;
			defaultConfigurationName = Release;
		};
		E7423097198629EF001B994A /* Build configuration list for PBXNativeTarget "VkClientTests" */ = {
			isa = XCConfigurationList;
			buildConfigurations = (
				E7423098198629EF001B994A /* Debug */,
				E7423099198629EF001B994A /* Release */,
			);
			defaultConfigurationIsVisible = 0;
			defaultConfigurationName = Release;
		};
/* End XCConfigurationList section */
	};
	rootObject = E7423060198629EF001B994A /* Project object */;
}
